{
  "lockfile_version": "1",
  "packages": {
    "crossplane-cli@latest": {
      "last_modified": "2024-12-27T03:08:00Z",
      "resolved": "github:NixOS/nixpkgs/7cc0bff31a3a705d3ac4fdceb030a17239412210#crossplane-cli",
      "source": "devbox-search",
      "version": "1.18.2",
      "systems": {
        "aarch64-darwin": {
          "outputs": [
            {
              "name": "out",
              "path": "/nix/store/v2q8hq15w3wmm4avjizgs4bgsxfks3dw-crossplane-cli-1.18.2",
              "default": true
            }
          ],
          "store_path": "/nix/store/v2q8hq15w3wmm4avjizgs4bgsxfks3dw-crossplane-cli-1.18.2"
        },
        "aarch64-linux": {
          "outputs": [
            {
              "name": "out",
              "path": "/nix/store/1idxdvb2g44qr90vyc61gfhf7aiskz8c-crossplane-cli-1.18.2",
              "default": true
            }
          ],
          "store_path": "/nix/store/1idxdvb2g44qr90vyc61gfhf7aiskz8c-crossplane-cli-1.18.2"
        },
        "x86_64-darwin": {
          "outputs": [
            {
              "name": "out",
              "path": "/nix/store/2mcllqhk414xpq4mmx79g92hpjhjki21-crossplane-cli-1.18.2",
              "default": true
            }
          ],
          "store_path": "/nix/store/2mcllqhk414xpq4mmx79g92hpjhjki21-crossplane-cli-1.18.2"
        },
        "x86_64-linux": {
          "outputs": [
            {
              "name": "out",
              "path": "/nix/store/6fpf645iym3k2ff3khks3j79jqq3b877-crossplane-cli-1.18.2",
              "default": true
            }
          ],
          "store_path": "/nix/store/6fpf645iym3k2ff3khks3j79jqq3b877-crossplane-cli-1.18.2"
        }
      }
    },
    "fluxcd@2.4.0": {
      "last_modified": "2024-12-03T12:40:06Z",
      "resolved": "github:NixOS/nixpkgs/566e53c2ad750c84f6d31f9ccb9d00f823165550#fluxcd",
      "source": "devbox-search",
      "version": "2.4.0",
      "systems": {
        "aarch64-darwin": {
          "outputs": [
            {
              "name": "out",
              "path": "/nix/store/zlxc7ddnqx1jnjb6hcx4z71caq3ly8vk-fluxcd-2.4.0",
              "default": true
            }
          ],
          "store_path": "/nix/store/zlxc7ddnqx1jnjb6hcx4z71caq3ly8vk-fluxcd-2.4.0"
        },
        "aarch64-linux": {
          "outputs": [
            {
              "name": "out",
              "path": "/nix/store/nz2ki8li6n1fsjmw464x8ak9hza71jm7-fluxcd-2.4.0",
              "default": true
            }
          ],
          "store_path": "/nix/store/nz2ki8li6n1fsjmw464x8ak9hza71jm7-fluxcd-2.4.0"
        },
        "x86_64-darwin": {
          "outputs": [
            {
              "name": "out",
              "path": "/nix/store/y3ig2irlgwnk358h5clk9nf8af8px4hc-fluxcd-2.4.0",
              "default": true
            }
          ],
          "store_path": "/nix/store/y3ig2irlgwnk358h5clk9nf8af8px4hc-fluxcd-2.4.0"
        },
        "x86_64-linux": {
          "outputs": [
            {
              "name": "out",
              "path": "/nix/store/1f5dm7fxm0z51mxdjpab7yqlppqi9b8k-fluxcd-2.4.0",
              "default": true
            }
          ],
          "store_path": "/nix/store/1f5dm7fxm0z51mxdjpab7yqlppqi9b8k-fluxcd-2.4.0"
        }
      }
    },
    "go-task@3.40.1": {
      "last_modified": "2024-12-11T16:51:25Z",
      "resolved": "github:NixOS/nixpkgs/5a48e3c2e435e95103d56590188cfed7b70e108c#go-task",
      "source": "devbox-search",
      "version": "3.40.1",
      "systems": {
        "aarch64-darwin": {
          "outputs": [
            {
              "name": "out",
              "path": "/nix/store/ymxlzx52b91kag9spjzkg14win3qv7cz-go-task-3.40.1",
              "default": true
            }
          ],
          "store_path": "/nix/store/ymxlzx52b91kag9spjzkg14win3qv7cz-go-task-3.40.1"
        },
        "aarch64-linux": {
          "outputs": [
            {
              "name": "out",
              "path": "/nix/store/wvh907br8rl1w4blkx6clxgh1kwbahl6-go-task-3.40.1",
              "default": true
            }
          ],
          "store_path": "/nix/store/wvh907br8rl1w4blkx6clxgh1kwbahl6-go-task-3.40.1"
        },
        "x86_64-darwin": {
          "outputs": [
            {
              "name": "out",
              "path": "/nix/store/3cdlrnlspqhzsa9qyhl8wdxwcdgm4z79-go-task-3.40.1",
              "default": true
            }
          ],
          "store_path": "/nix/store/3cdlrnlspqhzsa9qyhl8wdxwcdgm4z79-go-task-3.40.1"
        },
        "x86_64-linux": {
          "outputs": [
            {
              "name": "out",
              "path": "/nix/store/2476b47w2v3kil9pxskjcfay8ag8d1x8-go-task-3.40.1",
              "default": true
            }
          ],
          "store_path": "/nix/store/2476b47w2v3kil9pxskjcfay8ag8d1x8-go-task-3.40.1"
        }
      }
    },
    "krew@latest": {
      "last_modified": "2024-12-23T21:10:33Z",
      "resolved": "github:NixOS/nixpkgs/de1864217bfa9b5845f465e771e0ecb48b30e02d#krew",
      "source": "devbox-search",
      "version": "0.4.4",
      "systems": {
        "aarch64-darwin": {
          "outputs": [
            {
              "name": "out",
              "path": "/nix/store/0i8zi9xzwg96hcy86yj0m022dram9rgb-krew-0.4.4",
              "default": true
            }
          ],
          "store_path": "/nix/store/0i8zi9xzwg96hcy86yj0m022dram9rgb-krew-0.4.4"
        },
        "aarch64-linux": {
          "outputs": [
            {
              "name": "out",
              "path": "/nix/store/394agha33gn81q9dp11vjap138rxyi56-krew-0.4.4",
              "default": true
            }
          ],
          "store_path": "/nix/store/394agha33gn81q9dp11vjap138rxyi56-krew-0.4.4"
        },
        "x86_64-darwin": {
          "outputs": [
            {
              "name": "out",
              "path": "/nix/store/aw9ri3hjh3bi1rmkilmys5wywzbk39yi-krew-0.4.4",
              "default": true
            }
          ],
          "store_path": "/nix/store/aw9ri3hjh3bi1rmkilmys5wywzbk39yi-krew-0.4.4"
        },
        "x86_64-linux": {
          "outputs": [
            {
              "name": "out",
              "path": "/nix/store/gba2cc4nfcsfh7i36k23g0xkb49vda6v-krew-0.4.4",
              "default": true
            }
          ],
          "store_path": "/nix/store/gba2cc4nfcsfh7i36k23g0xkb49vda6v-krew-0.4.4"
        }
      }
    },
    "kubectl@1.31.2": {
      "last_modified": "2024-12-03T12:40:06Z",
      "resolved": "github:NixOS/nixpkgs/566e53c2ad750c84f6d31f9ccb9d00f823165550#kubectl",
      "source": "devbox-search",
      "version": "1.31.2",
      "systems": {
        "aarch64-darwin": {
          "outputs": [
            {
              "name": "out",
              "path": "/nix/store/4h9x0qgwzy2ck8zbcr0rs9wa7r9d2w1d-kubectl-1.31.2",
              "default": true
            },
            {
              "name": "man",
              "path": "/nix/store/7zcwgck6jgiq6akld3d58araw9cpxn1z-kubectl-1.31.2-man",
              "default": true
            },
            {
              "name": "convert",
              "path": "/nix/store/1ws1665h5aja4l1756g1qxqsc15z4skg-kubectl-1.31.2-convert"
            }
          ],
          "store_path": "/nix/store/4h9x0qgwzy2ck8zbcr0rs9wa7r9d2w1d-kubectl-1.31.2"
        },
        "aarch64-linux": {
          "outputs": [
            {
              "name": "out",
              "path": "/nix/store/hs22srzb0xw25047q72lzf8yvkyndayp-kubectl-1.31.2",
              "default": true
            },
            {
              "name": "man",
              "path": "/nix/store/m6pgvbcpw5yyiy5f2106ihkapk7kjv9l-kubectl-1.31.2-man",
              "default": true
            },
            {
              "name": "convert",
              "path": "/nix/store/mk43xaa0hzc5hsg115nfa89h8p05l70n-kubectl-1.31.2-convert"
            }
          ],
          "store_path": "/nix/store/hs22srzb0xw25047q72lzf8yvkyndayp-kubectl-1.31.2"
        },
        "x86_64-darwin": {
          "outputs": [
            {
              "name": "out",
              "path": "/nix/store/gly4lkqmncv1w3f8prsqkxwdbvqgkl9n-kubectl-1.31.2",
              "default": true
            },
            {
              "name": "man",
              "path": "/nix/store/akj5kj9i82b7qsqknmdr20ga4z48yf62-kubectl-1.31.2-man",
              "default": true
            },
            {
              "name": "convert",
              "path": "/nix/store/vxzk15k7vikpvy3l6cxndh97p68giaa6-kubectl-1.31.2-convert"
            }
          ],
          "store_path": "/nix/store/gly4lkqmncv1w3f8prsqkxwdbvqgkl9n-kubectl-1.31.2"
        },
        "x86_64-linux": {
          "outputs": [
            {
              "name": "out",
              "path": "/nix/store/wjr8vcdjb25ja1q3nvzwnzf5qg6iv8iy-kubectl-1.31.2",
              "default": true
            },
            {
              "name": "man",
              "path": "/nix/store/66mlhapc0wawjz2v05116nkp02lxinkx-kubectl-1.31.2-man",
              "default": true
            },
            {
              "name": "convert",
              "path": "/nix/store/44dsmqkr8c3lp4j417nshswcf0mpj9i5-kubectl-1.31.2-convert"
            }
          ],
          "store_path": "/nix/store/wjr8vcdjb25ja1q3nvzwnzf5qg6iv8iy-kubectl-1.31.2"
        }
      }
    },
    "kubernetes-helm@3.16.3": {
      "last_modified": "2024-12-03T12:40:06Z",
      "resolved": "github:NixOS/nixpkgs/566e53c2ad750c84f6d31f9ccb9d00f823165550#kubernetes-helm",
      "source": "devbox-search",
      "version": "3.16.3",
      "systems": {
        "aarch64-darwin": {
          "outputs": [
            {
              "name": "out",
              "path": "/nix/store/ppr8wia2hmshknp9yfhr7ivqqigqqq4j-kubernetes-helm-3.16.3",
              "default": true
            }
          ],
          "store_path": "/nix/store/ppr8wia2hmshknp9yfhr7ivqqigqqq4j-kubernetes-helm-3.16.3"
        },
        "aarch64-linux": {
          "outputs": [
            {
              "name": "out",
              "path": "/nix/store/vsps7v36p9nbx08v8c7x1a36mmknhacy-kubernetes-helm-3.16.3",
              "default": true
            }
          ],
          "store_path": "/nix/store/vsps7v36p9nbx08v8c7x1a36mmknhacy-kubernetes-helm-3.16.3"
        },
        "x86_64-darwin": {
          "outputs": [
            {
              "name": "out",
              "path": "/nix/store/8xbrzsfv1q0kkranniy99fcszpwmjglr-kubernetes-helm-3.16.3",
              "default": true
            }
          ],
          "store_path": "/nix/store/8xbrzsfv1q0kkranniy99fcszpwmjglr-kubernetes-helm-3.16.3"
        },
        "x86_64-linux": {
          "outputs": [
            {
              "name": "out",
              "path": "/nix/store/nyrghdw5xi4kiwbsw6vdvnnyra5cy0x7-kubernetes-helm-3.16.3",
              "default": true
            }
          ],
          "store_path": "/nix/store/nyrghdw5xi4kiwbsw6vdvnnyra5cy0x7-kubernetes-helm-3.16.3"
        }
      }
    },
    "opentofu@1.8.7": {
      "last_modified": "2024-12-08T11:15:23Z",
      "resolved": "github:NixOS/nixpkgs/93dc9803a1ee435e590b02cde9589038d5cc3a4e#opentofu",
      "source": "devbox-search",
      "version": "1.8.7",
      "systems": {
        "aarch64-darwin": {
          "outputs": [
            {
              "name": "out",
              "path": "/nix/store/lw0snk4ncj313jqn7bc3ffp731km0g7k-opentofu-1.8.7",
              "default": true
            }
          ],
          "store_path": "/nix/store/lw0snk4ncj313jqn7bc3ffp731km0g7k-opentofu-1.8.7"
        },
        "aarch64-linux": {
          "outputs": [
            {
              "name": "out",
              "path": "/nix/store/cyhmm5543w20hqnjf5bz8airw0g48r10-opentofu-1.8.7",
              "default": true
            }
          ],
          "store_path": "/nix/store/cyhmm5543w20hqnjf5bz8airw0g48r10-opentofu-1.8.7"
        },
        "x86_64-darwin": {
          "outputs": [
            {
              "name": "out",
              "path": "/nix/store/3niin716248kv29c2gm9lndws5pvh2q7-opentofu-1.8.7",
              "default": true
            }
          ],
          "store_path": "/nix/store/3niin716248kv29c2gm9lndws5pvh2q7-opentofu-1.8.7"
        },
        "x86_64-linux": {
          "outputs": [
            {
              "name": "out",
              "path": "/nix/store/v7axpyazl9mvkylr8na9hxyhnpgdry3x-opentofu-1.8.7",
              "default": true
            }
          ],
          "store_path": "/nix/store/v7axpyazl9mvkylr8na9hxyhnpgdry3x-opentofu-1.8.7"
        }
      }
    },
    "popeye@latest": {
      "last_modified": "2025-01-04T17:00:17Z",
      "resolved": "github:NixOS/nixpkgs/a1945f760a8fe019a4d753808de424dcd4e5b3cf#popeye",
      "source": "devbox-search",
      "version": "0.21.6",
      "systems": {
        "aarch64-darwin": {
          "outputs": [
            {
              "name": "out",
              "path": "/nix/store/y3nskbi2lngh84b66i3qzb3sk6nggy5r-popeye-0.21.6",
              "default": true
            }
          ],
          "store_path": "/nix/store/y3nskbi2lngh84b66i3qzb3sk6nggy5r-popeye-0.21.6"
        },
        "aarch64-linux": {
          "outputs": [
            {
              "name": "out",
              "path": "/nix/store/zw2wyax9miig3chlg3qv3dcwil9m3i8v-popeye-0.21.6",
              "default": true
            }
          ],
          "store_path": "/nix/store/zw2wyax9miig3chlg3qv3dcwil9m3i8v-popeye-0.21.6"
        },
        "x86_64-darwin": {
          "outputs": [
            {
              "name": "out",
              "path": "/nix/store/ggb66jvfs7ll2429fzc2qiy7skf86w2g-popeye-0.21.6",
              "default": true
            }
          ],
          "store_path": "/nix/store/ggb66jvfs7ll2429fzc2qiy7skf86w2g-popeye-0.21.6"
        },
        "x86_64-linux": {
          "outputs": [
            {
              "name": "out",
              "path": "/nix/store/31nc56yii049wk17kq55m78blaxr7xd7-popeye-0.21.6",
              "default": true
            }
          ],
          "store_path": "/nix/store/31nc56yii049wk17kq55m78blaxr7xd7-popeye-0.21.6"
        }
      }
    },
    "stern@latest": {
      "last_modified": "2024-12-23T21:10:33Z",
      "resolved": "github:NixOS/nixpkgs/de1864217bfa9b5845f465e771e0ecb48b30e02d#stern",
      "source": "devbox-search",
      "version": "1.31.0",
      "systems": {
        "aarch64-darwin": {
          "outputs": [
            {
              "name": "out",
              "path": "/nix/store/l5n6pbandaiqf83w0js4948l87snrjnh-stern-1.31.0",
              "default": true
            }
          ],
          "store_path": "/nix/store/l5n6pbandaiqf83w0js4948l87snrjnh-stern-1.31.0"
        },
        "aarch64-linux": {
          "outputs": [
            {
              "name": "out",
              "path": "/nix/store/fiv699mixq3qnpllfhs82c8fjfg1n2rl-stern-1.31.0",
              "default": true
            }
          ],
          "store_path": "/nix/store/fiv699mixq3qnpllfhs82c8fjfg1n2rl-stern-1.31.0"
        },
        "x86_64-darwin": {
          "outputs": [
            {
              "name": "out",
              "path": "/nix/store/bfmrxmn8gbg8akqn99xkz58ilf58rg9j-stern-1.31.0",
              "default": true
            }
          ],
          "store_path": "/nix/store/bfmrxmn8gbg8akqn99xkz58ilf58rg9j-stern-1.31.0"
        },
        "x86_64-linux": {
          "outputs": [
            {
              "name": "out",
              "path": "/nix/store/yrmradm6xzihz9nf2zz4xn2q8lisznm8-stern-1.31.0",
              "default": true
            }
          ],
          "store_path": "/nix/store/yrmradm6xzihz9nf2zz4xn2q8lisznm8-stern-1.31.0"
        }
      }
    },
    "talosctl@1.8.3": {
      "last_modified": "2024-12-03T12:40:06Z",
      "resolved": "github:NixOS/nixpkgs/566e53c2ad750c84f6d31f9ccb9d00f823165550#talosctl",
      "source": "devbox-search",
      "version": "1.8.3",
      "systems": {
        "aarch64-darwin": {
          "outputs": [
            {
              "name": "out",
              "path": "/nix/store/b2j7827gmk4fd19yxs1486n8q5v2vamw-talosctl-1.8.3",
              "default": true
            }
          ],
          "store_path": "/nix/store/b2j7827gmk4fd19yxs1486n8q5v2vamw-talosctl-1.8.3"
        },
        "aarch64-linux": {
          "outputs": [
            {
              "name": "out",
              "path": "/nix/store/y89131ai42rjfhzy07ay7icgxphvgsz8-talosctl-1.8.3",
              "default": true
            }
          ],
          "store_path": "/nix/store/y89131ai42rjfhzy07ay7icgxphvgsz8-talosctl-1.8.3"
        },
        "x86_64-darwin": {
          "outputs": [
            {
              "name": "out",
              "path": "/nix/store/59qrk1fsa287alygin31sd2fgfj2cnrh-talosctl-1.8.3",
              "default": true
            }
          ],
          "store_path": "/nix/store/59qrk1fsa287alygin31sd2fgfj2cnrh-talosctl-1.8.3"
        },
        "x86_64-linux": {
          "outputs": [
            {
              "name": "out",
              "path": "/nix/store/5j64c6dz4a20mispwk2qaqgz1pdjbp38-talosctl-1.8.3",
              "default": true
            }
          ],
          "store_path": "/nix/store/5j64c6dz4a20mispwk2qaqgz1pdjbp38-talosctl-1.8.3"
        }
      }
    },
    "upbound@latest": {
      "last_modified": "2024-12-23T21:10:33Z",
      "resolved": "github:NixOS/nixpkgs/de1864217bfa9b5845f465e771e0ecb48b30e02d#upbound",
      "source": "devbox-search",
      "version": "0.36.1",
      "systems": {
        "aarch64-darwin": {
          "outputs": [
            {
              "name": "out",
              "path": "/nix/store/dkcqai8qvv9jg294ldxjcc8y1zqnxm8m-upbound-0.36.1",
              "default": true
            }
          ],
          "store_path": "/nix/store/dkcqai8qvv9jg294ldxjcc8y1zqnxm8m-upbound-0.36.1"
        },
        "aarch64-linux": {
          "outputs": [
            {
              "name": "out",
              "path": "/nix/store/1b0k1bnkcp4jyznbdwa250m6l40rbc8d-upbound-0.36.1",
              "default": true
            }
          ],
          "store_path": "/nix/store/1b0k1bnkcp4jyznbdwa250m6l40rbc8d-upbound-0.36.1"
        },
        "x86_64-darwin": {
          "outputs": [
            {
              "name": "out",
              "path": "/nix/store/mc5kcv21l3q30r4flh2ciglrbwcb94d9-upbound-0.36.1",
              "default": true
            }
          ],
          "store_path": "/nix/store/mc5kcv21l3q30r4flh2ciglrbwcb94d9-upbound-0.36.1"
        },
        "x86_64-linux": {
          "outputs": [
            {
              "name": "out",
              "path": "/nix/store/g0zm24dajkm7j5s6yl0mkw98n8fdqfwx-upbound-0.36.1",
              "default": true
            }
          ],
          "store_path": "/nix/store/g0zm24dajkm7j5s6yl0mkw98n8fdqfwx-upbound-0.36.1"
        }
      }
    }
  }
}
