[dependencies]
  [dependencies.crossplane]
    name = "crossplane"
    full_name = "crossplane_1.17.3"
    version = "1.17.3"
    sum = "8hx/1t6Gn0UZjaycAJIJ2Xj1R7vefZq7mMpAim21COc="
    reg = "ghcr.io"
    repo = "kcl-lang/crossplane"
    oci_tag = "1.17.3"
  [dependencies.crossplane_authentik]
    name = "crossplane_authentik"
    full_name = "crossplane_authentik_0.5.0"
    version = "0.5.0"
    sum = "Pyq7i6k0XDs+rZ9CGuaOpoFp6EpUP1zCg/IuXkTBzqA="
    reg = "ghcr.io"
    repo = "felixz92/crossplane-provider-authentik/crossplane-authetik:0.5.0"
    oci_tag = "0.5.0"
  [dependencies.crossplane_cloudflare]
    name = "crossplane_cloudflare"
    full_name = "crossplane_cloudflare_0.1.0"
    version = "0.1.0"
    sum = "cALVHv1WyYMu882dmBt3uyUcShulGc45yPUmIhYW5tE="
    reg = "ghcr.io"
    repo = "felixz92/crossplane-provider-cloudflare/crossplane-cloudflare:0.1.0"
    oci_tag = "0.1.0"
  [dependencies.k8s]
    name = "k8s"
    full_name = "k8s_1.31.2"
    version = "1.31.2"
    sum = "xBZgPsnpVVyWBpahuPQHReeRx28eUHGFoaPeqbct+vs="
    reg = "ghcr.io"
    repo = "kcl-lang/k8s"
    oci_tag = "1.31.2"
