[dependencies]
  [dependencies.crossplane]
    name = "crossplane"
    full_name = "crossplane_1.17.3"
    version = "1.17.3"
    sum = "8hx/1t6Gn0UZjaycAJIJ2Xj1R7vefZq7mMpAim21COc="
    reg = "ghcr.io"
    repo = "kcl-lang/crossplane"
    oci_tag = "1.17.3"
  [dependencies.crossplane_authentik]
    name = "crossplane_authentik"
    full_name = "crossplane_authentik_0.4.1"
    version = "0.4.1"
    sum = "UHw3IvHtnEByDl5WaGl8UXCq9b4WkN0RhOaF+7plv8o="
    reg = "ghcr.io"
    repo = "felixz92/crossplane-provider-authentik/crossplane-authetik:0.4.1"
    oci_tag = "0.4.1"
  [dependencies.k8s]
    name = "k8s"
    full_name = "k8s_1.31.2"
    version = "1.31.2"
    sum = "xBZgPsnpVVyWBpahuPQHReeRx28eUHGFoaPeqbct+vs="
    reg = "ghcr.io"
    repo = "kcl-lang/k8s"
    oci_tag = "1.31.2"
